// !$*UTF8*$!
{
	archiveVersion = 1;
	classes = {
	};
	objectVersion = 55;
	objects = {

/* Begin PBXBuildFile section */
		8499A4712885D6DF00C4E01B /* AppDelegate.swift in Sources */ = {isa = PBXBuildFile; fileRef = 8499A4702885D6DF00C4E01B /* AppDelegate.swift */; };
		8499A4732885D6DF00C4E01B /* SceneDelegate.swift in Sources */ = {isa = PBXBuildFile; fileRef = 8499A4722885D6DF00C4E01B /* SceneDelegate.swift */; };
		8499A4752885D6DF00C4E01B /* ViewController.swift in Sources */ = {isa = PBXBuildFile; fileRef = 8499A4742885D6DF00C4E01B /* ViewController.swift */; };
		8499A4782885D6DF00C4E01B /* Main.storyboard in Resources */ = {isa = PBXBuildFile; fileRef = 8499A4762885D6DF00C4E01B /* Main.storyboard */; };
		8499A47A2885D6E100C4E01B /* Assets.xcassets in Resources */ = {isa = PBXBuildFile; fileRef = 8499A4792885D6E100C4E01B /* Assets.xcassets */; };
		8499A47D2885D6E100C4E01B /* LaunchScreen.storyboard in Resources */ = {isa = PBXBuildFile; fileRef = 8499A47B2885D6E100C4E01B /* LaunchScreen.storyboard */; };
		8499A4882885D6E200C4E01B /* RoomDirectoryTests.swift in Sources */ = {isa = PBXBuildFile; fileRef = 8499A4872885D6E200C4E01B /* RoomDirectoryTests.swift */; };
		8499A4922885D6E200C4E01B /* RoomDirectoryUITests.swift in Sources */ = {isa = PBXBuildFile; fileRef = 8499A4912885D6E200C4E01B /* RoomDirectoryUITests.swift */; };
		8499A4942885D6E200C4E01B /* RoomDirectoryUITestsLaunchTests.swift in Sources */ = {isa = PBXBuildFile; fileRef = 8499A4932885D6E200C4E01B /* RoomDirectoryUITestsLaunchTests.swift */; };
		8499A4B22886055500C4E01B /* CoordinatorType.swift in Sources */ = {isa = PBXBuildFile; fileRef = 8499A4B12886055500C4E01B /* CoordinatorType.swift */; };
		8499A4B42886059800C4E01B /* AppCoordinator.swift in Sources */ = {isa = PBXBuildFile; fileRef = 8499A4B32886059800C4E01B /* AppCoordinator.swift */; };
		8499A4B6288605C100C4E01B /* PeoplesCoordinator.swift in Sources */ = {isa = PBXBuildFile; fileRef = 8499A4B5288605C100C4E01B /* PeoplesCoordinator.swift */; };
		8499A4B8288605DC00C4E01B /* RoomsCoordinator.swift in Sources */ = {isa = PBXBuildFile; fileRef = 8499A4B7288605DC00C4E01B /* RoomsCoordinator.swift */; };
		8499A4BA2886098500C4E01B /* RoomsViewController.swift in Sources */ = {isa = PBXBuildFile; fileRef = 8499A4B92886098500C4E01B /* RoomsViewController.swift */; };
		8499A4BC28860A3A00C4E01B /* RoomsViewModel.swift in Sources */ = {isa = PBXBuildFile; fileRef = 8499A4BB28860A3A00C4E01B /* RoomsViewModel.swift */; };
		8499A4BE28860ACC00C4E01B /* RoomsViewStates.swift in Sources */ = {isa = PBXBuildFile; fileRef = 8499A4BD28860ACC00C4E01B /* RoomsViewStates.swift */; };
		8499A4C028860B4100C4E01B /* RoomsTableViewCell.swift in Sources */ = {isa = PBXBuildFile; fileRef = 8499A4BF28860B4100C4E01B /* RoomsTableViewCell.swift */; };
		8499A4C228860BE800C4E01B /* PeoplesViewController.swift in Sources */ = {isa = PBXBuildFile; fileRef = 8499A4C128860BE800C4E01B /* PeoplesViewController.swift */; };
		8499A4C428860C9100C4E01B /* PeopleViewModel.swift in Sources */ = {isa = PBXBuildFile; fileRef = 8499A4C328860C9100C4E01B /* PeopleViewModel.swift */; };
		8499A4C628860D4A00C4E01B /* PeopleViewStates.swift in Sources */ = {isa = PBXBuildFile; fileRef = 8499A4C528860D4A00C4E01B /* PeopleViewStates.swift */; };
		8499A4C828860D9900C4E01B /* PeopleCollectionViewCell.swift in Sources */ = {isa = PBXBuildFile; fileRef = 8499A4C728860D9900C4E01B /* PeopleCollectionViewCell.swift */; };
/* End PBXBuildFile section */

/* Begin PBXContainerItemProxy section */
		8499A4842885D6E200C4E01B /* PBXContainerItemProxy */ = {
			isa = PBXContainerItemProxy;
			containerPortal = 8499A4652885D6DF00C4E01B /* Project object */;
			proxyType = 1;
			remoteGlobalIDString = 8499A46C2885D6DF00C4E01B;
			remoteInfo = RoomDirectory;
		};
		8499A48E2885D6E200C4E01B /* PBXContainerItemProxy */ = {
			isa = PBXContainerItemProxy;
			containerPortal = 8499A4652885D6DF00C4E01B /* Project object */;
			proxyType = 1;
			remoteGlobalIDString = 8499A46C2885D6DF00C4E01B;
			remoteInfo = RoomDirectory;
		};
/* End PBXContainerItemProxy section */

/* Begin PBXFileReference section */
		8499A46D2885D6DF00C4E01B /* RoomDirectory.app */ = {isa = PBXFileReference; explicitFileType = wrapper.application; includeInIndex = 0; path = RoomDirectory.app; sourceTree = BUILT_PRODUCTS_DIR; };
		8499A4702885D6DF00C4E01B /* AppDelegate.swift */ = {isa = PBXFileReference; lastKnownFileType = sourcecode.swift; path = AppDelegate.swift; sourceTree = "<group>"; };
		8499A4722885D6DF00C4E01B /* SceneDelegate.swift */ = {isa = PBXFileReference; lastKnownFileType = sourcecode.swift; path = SceneDelegate.swift; sourceTree = "<group>"; };
		8499A4742885D6DF00C4E01B /* ViewController.swift */ = {isa = PBXFileReference; lastKnownFileType = sourcecode.swift; path = ViewController.swift; sourceTree = "<group>"; };
		8499A4772885D6DF00C4E01B /* Base */ = {isa = PBXFileReference; lastKnownFileType = file.storyboard; name = Base; path = Base.lproj/Main.storyboard; sourceTree = "<group>"; };
		8499A4792885D6E100C4E01B /* Assets.xcassets */ = {isa = PBXFileReference; lastKnownFileType = folder.assetcatalog; path = Assets.xcassets; sourceTree = "<group>"; };
		8499A47C2885D6E100C4E01B /* Base */ = {isa = PBXFileReference; lastKnownFileType = file.storyboard; name = Base; path = Base.lproj/LaunchScreen.storyboard; sourceTree = "<group>"; };
		8499A47E2885D6E100C4E01B /* Info.plist */ = {isa = PBXFileReference; lastKnownFileType = text.plist.xml; path = Info.plist; sourceTree = "<group>"; };
		8499A4832885D6E200C4E01B /* RoomDirectoryTests.xctest */ = {isa = PBXFileReference; explicitFileType = wrapper.cfbundle; includeInIndex = 0; path = RoomDirectoryTests.xctest; sourceTree = BUILT_PRODUCTS_DIR; };
		8499A4872885D6E200C4E01B /* RoomDirectoryTests.swift */ = {isa = PBXFileReference; lastKnownFileType = sourcecode.swift; path = RoomDirectoryTests.swift; sourceTree = "<group>"; };
		8499A48D2885D6E200C4E01B /* RoomDirectoryUITests.xctest */ = {isa = PBXFileReference; explicitFileType = wrapper.cfbundle; includeInIndex = 0; path = RoomDirectoryUITests.xctest; sourceTree = BUILT_PRODUCTS_DIR; };
		8499A4912885D6E200C4E01B /* RoomDirectoryUITests.swift */ = {isa = PBXFileReference; lastKnownFileType = sourcecode.swift; path = RoomDirectoryUITests.swift; sourceTree = "<group>"; };
		8499A4932885D6E200C4E01B /* RoomDirectoryUITestsLaunchTests.swift */ = {isa = PBXFileReference; lastKnownFileType = sourcecode.swift; path = RoomDirectoryUITestsLaunchTests.swift; sourceTree = "<group>"; };
		8499A4B12886055500C4E01B /* CoordinatorType.swift */ = {isa = PBXFileReference; lastKnownFileType = sourcecode.swift; path = CoordinatorType.swift; sourceTree = "<group>"; };
		8499A4B32886059800C4E01B /* AppCoordinator.swift */ = {isa = PBXFileReference; lastKnownFileType = sourcecode.swift; path = AppCoordinator.swift; sourceTree = "<group>"; };
		8499A4B5288605C100C4E01B /* PeoplesCoordinator.swift */ = {isa = PBXFileReference; lastKnownFileType = sourcecode.swift; path = PeoplesCoordinator.swift; sourceTree = "<group>"; };
		8499A4B7288605DC00C4E01B /* RoomsCoordinator.swift */ = {isa = PBXFileReference; lastKnownFileType = sourcecode.swift; path = RoomsCoordinator.swift; sourceTree = "<group>"; };
		8499A4B92886098500C4E01B /* RoomsViewController.swift */ = {isa = PBXFileReference; lastKnownFileType = sourcecode.swift; path = RoomsViewController.swift; sourceTree = "<group>"; };
		8499A4BB28860A3A00C4E01B /* RoomsViewModel.swift */ = {isa = PBXFileReference; lastKnownFileType = sourcecode.swift; path = RoomsViewModel.swift; sourceTree = "<group>"; };
		8499A4BD28860ACC00C4E01B /* RoomsViewStates.swift */ = {isa = PBXFileReference; lastKnownFileType = sourcecode.swift; path = RoomsViewStates.swift; sourceTree = "<group>"; };
		8499A4BF28860B4100C4E01B /* RoomsTableViewCell.swift */ = {isa = PBXFileReference; lastKnownFileType = sourcecode.swift; path = RoomsTableViewCell.swift; sourceTree = "<group>"; };
		8499A4C128860BE800C4E01B /* PeoplesViewController.swift */ = {isa = PBXFileReference; lastKnownFileType = sourcecode.swift; path = PeoplesViewController.swift; sourceTree = "<group>"; };
		8499A4C328860C9100C4E01B /* PeopleViewModel.swift */ = {isa = PBXFileReference; lastKnownFileType = sourcecode.swift; path = PeopleViewModel.swift; sourceTree = "<group>"; };
		8499A4C528860D4A00C4E01B /* PeopleViewStates.swift */ = {isa = PBXFileReference; lastKnownFileType = sourcecode.swift; path = PeopleViewStates.swift; sourceTree = "<group>"; };
		8499A4C728860D9900C4E01B /* PeopleCollectionViewCell.swift */ = {isa = PBXFileReference; lastKnownFileType = sourcecode.swift; path = PeopleCollectionViewCell.swift; sourceTree = "<group>"; };
/* End PBXFileReference section */

/* Begin PBXFrameworksBuildPhase section */
		8499A46A2885D6DF00C4E01B /* Frameworks */ = {
			isa = PBXFrameworksBuildPhase;
			buildActionMask = 2147483647;
			files = (
			);
			runOnlyForDeploymentPostprocessing = 0;
		};
		8499A4802885D6E200C4E01B /* Frameworks */ = {
			isa = PBXFrameworksBuildPhase;
			buildActionMask = 2147483647;
			files = (
			);
			runOnlyForDeploymentPostprocessing = 0;
		};
		8499A48A2885D6E200C4E01B /* Frameworks */ = {
			isa = PBXFrameworksBuildPhase;
			buildActionMask = 2147483647;
			files = (
			);
			runOnlyForDeploymentPostprocessing = 0;
		};
/* End PBXFrameworksBuildPhase section */

/* Begin PBXGroup section */
		8499A4642885D6DF00C4E01B = {
			isa = PBXGroup;
			children = (
				8499A46F2885D6DF00C4E01B /* RoomDirectory */,
				8499A4862885D6E200C4E01B /* RoomDirectoryTests */,
				8499A4902885D6E200C4E01B /* RoomDirectoryUITests */,
				8499A46E2885D6DF00C4E01B /* Products */,
			);
			sourceTree = "<group>";
		};
		8499A46E2885D6DF00C4E01B /* Products */ = {
			isa = PBXGroup;
			children = (
				8499A46D2885D6DF00C4E01B /* RoomDirectory.app */,
				8499A4832885D6E200C4E01B /* RoomDirectoryTests.xctest */,
				8499A48D2885D6E200C4E01B /* RoomDirectoryUITests.xctest */,
			);
			name = Products;
			sourceTree = "<group>";
		};
		8499A46F2885D6DF00C4E01B /* RoomDirectory */ = {
			isa = PBXGroup;
			children = (
				8499A4A92886029900C4E01B /* Data */,
				8499A4A52886025E00C4E01B /* Domain */,
				8499A4A02885D74200C4E01B /* Presentation */,
				8499A4702885D6DF00C4E01B /* AppDelegate.swift */,
				8499A4722885D6DF00C4E01B /* SceneDelegate.swift */,
				8499A4742885D6DF00C4E01B /* ViewController.swift */,
				8499A4762885D6DF00C4E01B /* Main.storyboard */,
				8499A4792885D6E100C4E01B /* Assets.xcassets */,
				8499A47B2885D6E100C4E01B /* LaunchScreen.storyboard */,
				8499A47E2885D6E100C4E01B /* Info.plist */,
			);
			path = RoomDirectory;
			sourceTree = "<group>";
		};
		8499A4862885D6E200C4E01B /* RoomDirectoryTests */ = {
			isa = PBXGroup;
			children = (
				8499A4B02886051000C4E01B /* Presentation */,
				8499A4AF2886050800C4E01B /* Domain */,
				8499A4AE2886050000C4E01B /* Data */,
				8499A4872885D6E200C4E01B /* RoomDirectoryTests.swift */,
			);
			path = RoomDirectoryTests;
			sourceTree = "<group>";
		};
		8499A4902885D6E200C4E01B /* RoomDirectoryUITests */ = {
			isa = PBXGroup;
			children = (
				8499A4912885D6E200C4E01B /* RoomDirectoryUITests.swift */,
				8499A4932885D6E200C4E01B /* RoomDirectoryUITestsLaunchTests.swift */,
			);
			path = RoomDirectoryUITests;
			sourceTree = "<group>";
		};
		8499A4A02885D74200C4E01B /* Presentation */ = {
			isa = PBXGroup;
			children = (
				8499A4A42885D84700C4E01B /* Utility */,
				8499A4A32885D83E00C4E01B /* People */,
				8499A4A22885D79700C4E01B /* Rooms */,
				8499A4A12885D74F00C4E01B /* Coordinator */,
			);
			path = Presentation;
			sourceTree = "<group>";
		};
		8499A4A12885D74F00C4E01B /* Coordinator */ = {
			isa = PBXGroup;
			children = (
				8499A4B12886055500C4E01B /* CoordinatorType.swift */,
				8499A4B32886059800C4E01B /* AppCoordinator.swift */,
				8499A4B5288605C100C4E01B /* PeoplesCoordinator.swift */,
				8499A4B7288605DC00C4E01B /* RoomsCoordinator.swift */,
			);
			path = Coordinator;
			sourceTree = "<group>";
		};
		8499A4A22885D79700C4E01B /* Rooms */ = {
			isa = PBXGroup;
			children = (
				8499A4B92886098500C4E01B /* RoomsViewController.swift */,
				8499A4BB28860A3A00C4E01B /* RoomsViewModel.swift */,
				8499A4BD28860ACC00C4E01B /* RoomsViewStates.swift */,
				8499A4BF28860B4100C4E01B /* RoomsTableViewCell.swift */,
			);
			path = Rooms;
			sourceTree = "<group>";
		};
		8499A4A32885D83E00C4E01B /* People */ = {
			isa = PBXGroup;
			children = (
				8499A4C128860BE800C4E01B /* PeoplesViewController.swift */,
				8499A4C328860C9100C4E01B /* PeopleViewModel.swift */,
				8499A4C528860D4A00C4E01B /* PeopleViewStates.swift */,
				8499A4C728860D9900C4E01B /* PeopleCollectionViewCell.swift */,
			);
			path = People;
			sourceTree = "<group>";
		};
		8499A4A42885D84700C4E01B /* Utility */ = {
			isa = PBXGroup;
			children = (
			);
			path = Utility;
			sourceTree = "<group>";
		};
		8499A4A52886025E00C4E01B /* Domain */ = {
			isa = PBXGroup;
			children = (
				8499A4A82886028A00C4E01B /* Interfaces */,
				8499A4A72886027D00C4E01B /* Entities */,
				8499A4A62886026B00C4E01B /* UseCases */,
			);
			path = Domain;
			sourceTree = "<group>";
		};
		8499A4A62886026B00C4E01B /* UseCases */ = {
			isa = PBXGroup;
			children = (
			);
			path = UseCases;
			sourceTree = "<group>";
		};
		8499A4A72886027D00C4E01B /* Entities */ = {
			isa = PBXGroup;
			children = (
			);
			path = Entities;
			sourceTree = "<group>";
		};
		8499A4A82886028A00C4E01B /* Interfaces */ = {
			isa = PBXGroup;
			children = (
			);
			path = Interfaces;
			sourceTree = "<group>";
		};
		8499A4A92886029900C4E01B /* Data */ = {
			isa = PBXGroup;
			children = (
				8499A4AD288604E300C4E01B /* DataMapping */,
				8499A4AC288604D000C4E01B /* Repositories */,
				8499A4AB288602B900C4E01B /* Utils */,
				8499A4AA288602B000C4E01B /* Network */,
			);
			path = Data;
			sourceTree = "<group>";
		};
		8499A4AA288602B000C4E01B /* Network */ = {
			isa = PBXGroup;
			children = (
			);
			path = Network;
			sourceTree = "<group>";
		};
		8499A4AB288602B900C4E01B /* Utils */ = {
			isa = PBXGroup;
			children = (
			);
			path = Utils;
			sourceTree = "<group>";
		};
		8499A4AC288604D000C4E01B /* Repositories */ = {
			isa = PBXGroup;
			children = (
			);
			path = Repositories;
			sourceTree = "<group>";
		};
		8499A4AD288604E300C4E01B /* DataMapping */ = {
			isa = PBXGroup;
			children = (
			);
			path = DataMapping;
			sourceTree = "<group>";
		};
		8499A4AE2886050000C4E01B /* Data */ = {
			isa = PBXGroup;
			children = (
			);
			path = Data;
			sourceTree = "<group>";
		};
		8499A4AF2886050800C4E01B /* Domain */ = {
			isa = PBXGroup;
			children = (
			);
			path = Domain;
			sourceTree = "<group>";
		};
		8499A4B02886051000C4E01B /* Presentation */ = {
			isa = PBXGroup;
			children = (
			);
			path = Presentation;
			sourceTree = "<group>";
		};
/* End PBXGroup section */

/* Begin PBXNativeTarget section */
		8499A46C2885D6DF00C4E01B /* RoomDirectory */ = {
			isa = PBXNativeTarget;
			buildConfigurationList = 8499A4972885D6E200C4E01B /* Build configuration list for PBXNativeTarget "RoomDirectory" */;
			buildPhases = (
				8499A4692885D6DF00C4E01B /* Sources */,
				8499A46A2885D6DF00C4E01B /* Frameworks */,
				8499A46B2885D6DF00C4E01B /* Resources */,
			);
			buildRules = (
			);
			dependencies = (
			);
			name = RoomDirectory;
			productName = RoomDirectory;
			productReference = 8499A46D2885D6DF00C4E01B /* RoomDirectory.app */;
			productType = "com.apple.product-type.application";
		};
		8499A4822885D6E200C4E01B /* RoomDirectoryTests */ = {
			isa = PBXNativeTarget;
			buildConfigurationList = 8499A49A2885D6E200C4E01B /* Build configuration list for PBXNativeTarget "RoomDirectoryTests" */;
			buildPhases = (
				8499A47F2885D6E200C4E01B /* Sources */,
				8499A4802885D6E200C4E01B /* Frameworks */,
				8499A4812885D6E200C4E01B /* Resources */,
			);
			buildRules = (
			);
			dependencies = (
				8499A4852885D6E200C4E01B /* PBXTargetDependency */,
			);
			name = RoomDirectoryTests;
			productName = RoomDirectoryTests;
			productReference = 8499A4832885D6E200C4E01B /* RoomDirectoryTests.xctest */;
			productType = "com.apple.product-type.bundle.unit-test";
		};
		8499A48C2885D6E200C4E01B /* RoomDirectoryUITests */ = {
			isa = PBXNativeTarget;
			buildConfigurationList = 8499A49D2885D6E200C4E01B /* Build configuration list for PBXNativeTarget "RoomDirectoryUITests" */;
			buildPhases = (
				8499A4892885D6E200C4E01B /* Sources */,
				8499A48A2885D6E200C4E01B /* Frameworks */,
				8499A48B2885D6E200C4E01B /* Resources */,
			);
			buildRules = (
			);
			dependencies = (
				8499A48F2885D6E200C4E01B /* PBXTargetDependency */,
			);
			name = RoomDirectoryUITests;
			productName = RoomDirectoryUITests;
			productReference = 8499A48D2885D6E200C4E01B /* RoomDirectoryUITests.xctest */;
			productType = "com.apple.product-type.bundle.ui-testing";
		};
/* End PBXNativeTarget section */

/* Begin PBXProject section */
		8499A4652885D6DF00C4E01B /* Project object */ = {
			isa = PBXProject;
			attributes = {
				BuildIndependentTargetsInParallel = 1;
				LastSwiftUpdateCheck = 1320;
				LastUpgradeCheck = 1320;
				TargetAttributes = {
					8499A46C2885D6DF00C4E01B = {
						CreatedOnToolsVersion = 13.2.1;
					};
					8499A4822885D6E200C4E01B = {
						CreatedOnToolsVersion = 13.2.1;
						TestTargetID = 8499A46C2885D6DF00C4E01B;
					};
					8499A48C2885D6E200C4E01B = {
						CreatedOnToolsVersion = 13.2.1;
						TestTargetID = 8499A46C2885D6DF00C4E01B;
					};
				};
			};
			buildConfigurationList = 8499A4682885D6DF00C4E01B /* Build configuration list for PBXProject "RoomDirectory" */;
			compatibilityVersion = "Xcode 13.0";
			developmentRegion = en;
			hasScannedForEncodings = 0;
			knownRegions = (
				en,
				Base,
			);
			mainGroup = 8499A4642885D6DF00C4E01B;
			productRefGroup = 8499A46E2885D6DF00C4E01B /* Products */;
			projectDirPath = "";
			projectRoot = "";
			targets = (
				8499A46C2885D6DF00C4E01B /* RoomDirectory */,
				8499A4822885D6E200C4E01B /* RoomDirectoryTests */,
				8499A48C2885D6E200C4E01B /* RoomDirectoryUITests */,
			);
		};
/* End PBXProject section */

/* Begin PBXResourcesBuildPhase section */
		8499A46B2885D6DF00C4E01B /* Resources */ = {
			isa = PBXResourcesBuildPhase;
			buildActionMask = 2147483647;
			files = (
				8499A47D2885D6E100C4E01B /* LaunchScreen.storyboard in Resources */,
				8499A47A2885D6E100C4E01B /* Assets.xcassets in Resources */,
				8499A4782885D6DF00C4E01B /* Main.storyboard in Resources */,
			);
			runOnlyForDeploymentPostprocessing = 0;
		};
		8499A4812885D6E200C4E01B /* Resources */ = {
			isa = PBXResourcesBuildPhase;
			buildActionMask = 2147483647;
			files = (
			);
			runOnlyForDeploymentPostprocessing = 0;
		};
		8499A48B2885D6E200C4E01B /* Resources */ = {
			isa = PBXResourcesBuildPhase;
			buildActionMask = 2147483647;
			files = (
			);
			runOnlyForDeploymentPostprocessing = 0;
		};
/* End PBXResourcesBuildPhase section */

/* Begin PBXSourcesBuildPhase section */
		8499A4692885D6DF00C4E01B /* Sources */ = {
			isa = PBXSourcesBuildPhase;
			buildActionMask = 2147483647;
			files = (
				8499A4C428860C9100C4E01B /* PeopleViewModel.swift in Sources */,
				8499A4752885D6DF00C4E01B /* ViewController.swift in Sources */,
				8499A4C828860D9900C4E01B /* PeopleCollectionViewCell.swift in Sources */,
				8499A4B8288605DC00C4E01B /* RoomsCoordinator.swift in Sources */,
				8499A4C628860D4A00C4E01B /* PeopleViewStates.swift in Sources */,
				8499A4C028860B4100C4E01B /* RoomsTableViewCell.swift in Sources */,
				8499A4B6288605C100C4E01B /* PeoplesCoordinator.swift in Sources */,
				8499A4BA2886098500C4E01B /* RoomsViewController.swift in Sources */,
				8499A4C228860BE800C4E01B /* PeoplesViewController.swift in Sources */,
				8499A4712885D6DF00C4E01B /* AppDelegate.swift in Sources */,
				8499A4B42886059800C4E01B /* AppCoordinator.swift in Sources */,
				8499A4B22886055500C4E01B /* CoordinatorType.swift in Sources */,
				8499A4BE28860ACC00C4E01B /* RoomsViewStates.swift in Sources */,
				8499A4732885D6DF00C4E01B /* SceneDelegate.swift in Sources */,
				8499A4BC28860A3A00C4E01B /* RoomsViewModel.swift in Sources */,
			);
			runOnlyForDeploymentPostprocessing = 0;
		};
		8499A47F2885D6E200C4E01B /* Sources */ = {
			isa = PBXSourcesBuildPhase;
			buildActionMask = 2147483647;
			files = (
				8499A4882885D6E200C4E01B /* RoomDirectoryTests.swift in Sources */,
			);
			runOnlyForDeploymentPostprocessing = 0;
		};
		8499A4892885D6E200C4E01B /* Sources */ = {
			isa = PBXSourcesBuildPhase;
			buildActionMask = 2147483647;
			files = (
				8499A4922885D6E200C4E01B /* RoomDirectoryUITests.swift in Sources */,
				8499A4942885D6E200C4E01B /* RoomDirectoryUITestsLaunchTests.swift in Sources */,
			);
			runOnlyForDeploymentPostprocessing = 0;
		};
/* End PBXSourcesBuildPhase section */

/* Begin PBXTargetDependency section */
		8499A4852885D6E200C4E01B /* PBXTargetDependency */ = {
			isa = PBXTargetDependency;
			target = 8499A46C2885D6DF00C4E01B /* RoomDirectory */;
			targetProxy = 8499A4842885D6E200C4E01B /* PBXContainerItemProxy */;
		};
		8499A48F2885D6E200C4E01B /* PBXTargetDependency */ = {
			isa = PBXTargetDependency;
			target = 8499A46C2885D6DF00C4E01B /* RoomDirectory */;
			targetProxy = 8499A48E2885D6E200C4E01B /* PBXContainerItemProxy */;
		};
/* End PBXTargetDependency section */

/* Begin PBXVariantGroup section */
		8499A4762885D6DF00C4E01B /* Main.storyboard */ = {
			isa = PBXVariantGroup;
			children = (
				8499A4772885D6DF00C4E01B /* Base */,
			);
			name = Main.storyboard;
			sourceTree = "<group>";
		};
		8499A47B2885D6E100C4E01B /* LaunchScreen.storyboard */ = {
			isa = PBXVariantGroup;
			children = (
				8499A47C2885D6E100C4E01B /* Base */,
			);
			name = LaunchScreen.storyboard;
			sourceTree = "<group>";
		};
/* End PBXVariantGroup section */

/* Begin XCBuildConfiguration section */
		8499A4952885D6E200C4E01B /* Debug */ = {
			isa = XCBuildConfiguration;
			buildSettings = {
				ALWAYS_SEARCH_USER_PATHS = NO;
				CLANG_ANALYZER_NONNULL = YES;
				CLANG_ANALYZER_NUMBER_OBJECT_CONVERSION = YES_AGGRESSIVE;
				CLANG_CXX_LANGUAGE_STANDARD = "gnu++17";
				CLANG_CXX_LIBRARY = "libc++";
				CLANG_ENABLE_MODULES = YES;
				CLANG_ENABLE_OBJC_ARC = YES;
				CLANG_ENABLE_OBJC_WEAK = YES;
				CLANG_WARN_BLOCK_CAPTURE_AUTORELEASING = YES;
				CLANG_WARN_BOOL_CONVERSION = YES;
				CLANG_WARN_COMMA = YES;
				CLANG_WARN_CONSTANT_CONVERSION = YES;
				CLANG_WARN_DEPRECATED_OBJC_IMPLEMENTATIONS = YES;
				CLANG_WARN_DIRECT_OBJC_ISA_USAGE = YES_ERROR;
				CLANG_WARN_DOCUMENTATION_COMMENTS = YES;
				CLANG_WARN_EMPTY_BODY = YES;
				CLANG_WARN_ENUM_CONVERSION = YES;
				CLANG_WARN_INFINITE_RECURSION = YES;
				CLANG_WARN_INT_CONVERSION = YES;
				CLANG_WARN_NON_LITERAL_NULL_CONVERSION = YES;
				CLANG_WARN_OBJC_IMPLICIT_RETAIN_SELF = YES;
				CLANG_WARN_OBJC_LITERAL_CONVERSION = YES;
				CLANG_WARN_OBJC_ROOT_CLASS = YES_ERROR;
				CLANG_WARN_QUOTED_INCLUDE_IN_FRAMEWORK_HEADER = YES;
				CLANG_WARN_RANGE_LOOP_ANALYSIS = YES;
				CLANG_WARN_STRICT_PROTOTYPES = YES;
				CLANG_WARN_SUSPICIOUS_MOVE = YES;
				CLANG_WARN_UNGUARDED_AVAILABILITY = YES_AGGRESSIVE;
				CLANG_WARN_UNREACHABLE_CODE = YES;
				CLANG_WARN__DUPLICATE_METHOD_MATCH = YES;
				COPY_PHASE_STRIP = NO;
				DEBUG_INFORMATION_FORMAT = dwarf;
				ENABLE_STRICT_OBJC_MSGSEND = YES;
				ENABLE_TESTABILITY = YES;
				GCC_C_LANGUAGE_STANDARD = gnu11;
				GCC_DYNAMIC_NO_PIC = NO;
				GCC_NO_COMMON_BLOCKS = YES;
				GCC_OPTIMIZATION_LEVEL = 0;
				GCC_PREPROCESSOR_DEFINITIONS = (
					"DEBUG=1",
					"$(inherited)",
				);
				GCC_WARN_64_TO_32_BIT_CONVERSION = YES;
				GCC_WARN_ABOUT_RETURN_TYPE = YES_ERROR;
				GCC_WARN_UNDECLARED_SELECTOR = YES;
				GCC_WARN_UNINITIALIZED_AUTOS = YES_AGGRESSIVE;
				GCC_WARN_UNUSED_FUNCTION = YES;
				GCC_WARN_UNUSED_VARIABLE = YES;
				IPHONEOS_DEPLOYMENT_TARGET = 15.2;
				MTL_ENABLE_DEBUG_INFO = INCLUDE_SOURCE;
				MTL_FAST_MATH = YES;
				ONLY_ACTIVE_ARCH = YES;
				SDKROOT = iphoneos;
				SWIFT_ACTIVE_COMPILATION_CONDITIONS = DEBUG;
				SWIFT_OPTIMIZATION_LEVEL = "-Onone";
			};
			name = Debug;
		};
		8499A4962885D6E200C4E01B /* Release */ = {
			isa = XCBuildConfiguration;
			buildSettings = {
				ALWAYS_SEARCH_USER_PATHS = NO;
				CLANG_ANALYZER_NONNULL = YES;
				CLANG_ANALYZER_NUMBER_OBJECT_CONVERSION = YES_AGGRESSIVE;
				CLANG_CXX_LANGUAGE_STANDARD = "gnu++17";
				CLANG_CXX_LIBRARY = "libc++";
				CLANG_ENABLE_MODULES = YES;
				CLANG_ENABLE_OBJC_ARC = YES;
				CLANG_ENABLE_OBJC_WEAK = YES;
				CLANG_WARN_BLOCK_CAPTURE_AUTORELEASING = YES;
				CLANG_WARN_BOOL_CONVERSION = YES;
				CLANG_WARN_COMMA = YES;
				CLANG_WARN_CONSTANT_CONVERSION = YES;
				CLANG_WARN_DEPRECATED_OBJC_IMPLEMENTATIONS = YES;
				CLANG_WARN_DIRECT_OBJC_ISA_USAGE = YES_ERROR;
				CLANG_WARN_DOCUMENTATION_COMMENTS = YES;
				CLANG_WARN_EMPTY_BODY = YES;
				CLANG_WARN_ENUM_CONVERSION = YES;
				CLANG_WARN_INFINITE_RECURSION = YES;
				CLANG_WARN_INT_CONVERSION = YES;
				CLANG_WARN_NON_LITERAL_NULL_CONVERSION = YES;
				CLANG_WARN_OBJC_IMPLICIT_RETAIN_SELF = YES;
				CLANG_WARN_OBJC_LITERAL_CONVERSION = YES;
				CLANG_WARN_OBJC_ROOT_CLASS = YES_ERROR;
				CLANG_WARN_QUOTED_INCLUDE_IN_FRAMEWORK_HEADER = YES;
				CLANG_WARN_RANGE_LOOP_ANALYSIS = YES;
				CLANG_WARN_STRICT_PROTOTYPES = YES;
				CLANG_WARN_SUSPICIOUS_MOVE = YES;
				CLANG_WARN_UNGUARDED_AVAILABILITY = YES_AGGRESSIVE;
				CLANG_WARN_UNREACHABLE_CODE = YES;
				CLANG_WARN__DUPLICATE_METHOD_MATCH = YES;
				COPY_PHASE_STRIP = NO;
				DEBUG_INFORMATION_FORMAT = "dwarf-with-dsym";
				ENABLE_NS_ASSERTIONS = NO;
				ENABLE_STRICT_OBJC_MSGSEND = YES;
				GCC_C_LANGUAGE_STANDARD = gnu11;
				GCC_NO_COMMON_BLOCKS = YES;
				GCC_WARN_64_TO_32_BIT_CONVERSION = YES;
				GCC_WARN_ABOUT_RETURN_TYPE = YES_ERROR;
				GCC_WARN_UNDECLARED_SELECTOR = YES;
				GCC_WARN_UNINITIALIZED_AUTOS = YES_AGGRESSIVE;
				GCC_WARN_UNUSED_FUNCTION = YES;
				GCC_WARN_UNUSED_VARIABLE = YES;
				IPHONEOS_DEPLOYMENT_TARGET = 15.2;
				MTL_ENABLE_DEBUG_INFO = NO;
				MTL_FAST_MATH = YES;
				SDKROOT = iphoneos;
				SWIFT_COMPILATION_MODE = wholemodule;
				SWIFT_OPTIMIZATION_LEVEL = "-O";
				VALIDATE_PRODUCT = YES;
			};
			name = Release;
		};
		8499A4982885D6E200C4E01B /* Debug */ = {
			isa = XCBuildConfiguration;
			buildSettings = {
				ASSETCATALOG_COMPILER_APPICON_NAME = AppIcon;
				ASSETCATALOG_COMPILER_GLOBAL_ACCENT_COLOR_NAME = AccentColor;
				CODE_SIGN_STYLE = Automatic;
				CURRENT_PROJECT_VERSION = 1;
				GENERATE_INFOPLIST_FILE = YES;
				INFOPLIST_FILE = RoomDirectory/Info.plist;
				INFOPLIST_KEY_UIApplicationSupportsIndirectInputEvents = YES;
				INFOPLIST_KEY_UILaunchStoryboardName = LaunchScreen;
				INFOPLIST_KEY_UIMainStoryboardFile = Main;
				INFOPLIST_KEY_UISupportedInterfaceOrientations_iPad = "UIInterfaceOrientationPortrait UIInterfaceOrientationPortraitUpsideDown UIInterfaceOrientationLandscapeLeft UIInterfaceOrientationLandscapeRight";
				INFOPLIST_KEY_UISupportedInterfaceOrientations_iPhone = "UIInterfaceOrientationPortrait UIInterfaceOrientationLandscapeLeft UIInterfaceOrientationLandscapeRight";
				LD_RUNPATH_SEARCH_PATHS = (
					"$(inherited)",
					"@executable_path/Frameworks",
				);
				MARKETING_VERSION = 1.0;
				PRODUCT_BUNDLE_IDENTIFIER = com.mac.RoomDirectory;
				PRODUCT_NAME = "$(TARGET_NAME)";
				SWIFT_EMIT_LOC_STRINGS = YES;
				SWIFT_VERSION = 5.0;
				TARGETED_DEVICE_FAMILY = "1,2";
			};
			name = Debug;
		};
		8499A4992885D6E200C4E01B /* Release */ = {
			isa = XCBuildConfiguration;
			buildSettings = {
				ASSETCATALOG_COMPILER_APPICON_NAME = AppIcon;
				ASSETCATALOG_COMPILER_GLOBAL_ACCENT_COLOR_NAME = AccentColor;
				CODE_SIGN_STYLE = Automatic;
				CURRENT_PROJECT_VERSION = 1;
				GENERATE_INFOPLIST_FILE = YES;
				INFOPLIST_FILE = RoomDirectory/Info.plist;
				INFOPLIST_KEY_UIApplicationSupportsIndirectInputEvents = YES;
				INFOPLIST_KEY_UILaunchStoryboardName = LaunchScreen;
				INFOPLIST_KEY_UIMainStoryboardFile = Main;
				INFOPLIST_KEY_UISupportedInterfaceOrientations_iPad = "UIInterfaceOrientationPortrait UIInterfaceOrientationPortraitUpsideDown UIInterfaceOrientationLandscapeLeft UIInterfaceOrientationLandscapeRight";
				INFOPLIST_KEY_UISupportedInterfaceOrientations_iPhone = "UIInterfaceOrientationPortrait UIInterfaceOrientationLandscapeLeft UIInterfaceOrientationLandscapeRight";
				LD_RUNPATH_SEARCH_PATHS = (
					"$(inherited)",
					"@executable_path/Frameworks",
				);
				MARKETING_VERSION = 1.0;
				PRODUCT_BUNDLE_IDENTIFIER = com.mac.RoomDirectory;
				PRODUCT_NAME = "$(TARGET_NAME)";
				SWIFT_EMIT_LOC_STRINGS = YES;
				SWIFT_VERSION = 5.0;
				TARGETED_DEVICE_FAMILY = "1,2";
			};
			name = Release;
		};
		8499A49B2885D6E200C4E01B /* Debug */ = {
			isa = XCBuildConfiguration;
			buildSettings = {
				ALWAYS_EMBED_SWIFT_STANDARD_LIBRARIES = YES;
				BUNDLE_LOADER = "$(TEST_HOST)";
				CODE_SIGN_STYLE = Automatic;
				CURRENT_PROJECT_VERSION = 1;
				GENERATE_INFOPLIST_FILE = YES;
				IPHONEOS_DEPLOYMENT_TARGET = 15.2;
				MARKETING_VERSION = 1.0;
				PRODUCT_BUNDLE_IDENTIFIER = com.mac.RoomDirectoryTests;
				PRODUCT_NAME = "$(TARGET_NAME)";
				SWIFT_EMIT_LOC_STRINGS = NO;
				SWIFT_VERSION = 5.0;
				TARGETED_DEVICE_FAMILY = "1,2";
				TEST_HOST = "$(BUILT_PRODUCTS_DIR)/RoomDirectory.app/RoomDirectory";
			};
			name = Debug;
		};
		8499A49C2885D6E200C4E01B /* Release */ = {
			isa = XCBuildConfiguration;
			buildSettings = {
				ALWAYS_EMBED_SWIFT_STANDARD_LIBRARIES = YES;
				BUNDLE_LOADER = "$(TEST_HOST)";
				CODE_SIGN_STYLE = Automatic;
				CURRENT_PROJECT_VERSION = 1;
				GENERATE_INFOPLIST_FILE = YES;
				IPHONEOS_DEPLOYMENT_TARGET = 15.2;
				MARKETING_VERSION = 1.0;
				PRODUCT_BUNDLE_IDENTIFIER = com.mac.RoomDirectoryTests;
				PRODUCT_NAME = "$(TARGET_NAME)";
				SWIFT_EMIT_LOC_STRINGS = NO;
				SWIFT_VERSION = 5.0;
				TARGETED_DEVICE_FAMILY = "1,2";
				TEST_HOST = "$(BUILT_PRODUCTS_DIR)/RoomDirectory.app/RoomDirectory";
			};
			name = Release;
		};
		8499A49E2885D6E200C4E01B /* Debug */ = {
			isa = XCBuildConfiguration;
			buildSettings = {
				ALWAYS_EMBED_SWIFT_STANDARD_LIBRARIES = YES;
				CODE_SIGN_STYLE = Automatic;
				CURRENT_PROJECT_VERSION = 1;
				GENERATE_INFOPLIST_FILE = YES;
				MARKETING_VERSION = 1.0;
				PRODUCT_BUNDLE_IDENTIFIER = com.mac.RoomDirectoryUITests;
				PRODUCT_NAME = "$(TARGET_NAME)";
				SWIFT_EMIT_LOC_STRINGS = NO;
				SWIFT_VERSION = 5.0;
				TARGETED_DEVICE_FAMILY = "1,2";
				TEST_TARGET_NAME = RoomDirectory;
			};
			name = Debug;
		};
		8499A49F2885D6E200C4E01B /* Release */ = {
			isa = XCBuildConfiguration;
			buildSettings = {
				ALWAYS_EMBED_SWIFT_STANDARD_LIBRARIES = YES;
				CODE_SIGN_STYLE = Automatic;
				CURRENT_PROJECT_VERSION = 1;
				GENERATE_INFOPLIST_FILE = YES;
				MARKETING_VERSION = 1.0;
				PRODUCT_BUNDLE_IDENTIFIER = com.mac.RoomDirectoryUITests;
				PRODUCT_NAME = "$(TARGET_NAME)";
				SWIFT_EMIT_LOC_STRINGS = NO;
				SWIFT_VERSION = 5.0;
				TARGETED_DEVICE_FAMILY = "1,2";
				TEST_TARGET_NAME = RoomDirectory;
			};
			name = Release;
		};
/* End XCBuildConfiguration section */

/* Begin XCConfigurationList section */
		8499A4682885D6DF00C4E01B /* Build configuration list for PBXProject "RoomDirectory" */ = {
			isa = XCConfigurationList;
			buildConfigurations = (
				8499A4952885D6E200C4E01B /* Debug */,
				8499A4962885D6E200C4E01B /* Release */,
			);
			defaultConfigurationIsVisible = 0;
			defaultConfigurationName = Release;
		};
		8499A4972885D6E200C4E01B /* Build configuration list for PBXNativeTarget "RoomDirectory" */ = {
			isa = XCConfigurationList;
			buildConfigurations = (
				8499A4982885D6E200C4E01B /* Debug */,
				8499A4992885D6E200C4E01B /* Release */,
			);
			defaultConfigurationIsVisible = 0;
			defaultConfigurationName = Release;
		};
		8499A49A2885D6E200C4E01B /* Build configuration list for PBXNativeTarget "RoomDirectoryTests" */ = {
			isa = XCConfigurationList;
			buildConfigurations = (
				8499A49B2885D6E200C4E01B /* Debug */,
				8499A49C2885D6E200C4E01B /* Release */,
			);
			defaultConfigurationIsVisible = 0;
			defaultConfigurationName = Release;
		};
		8499A49D2885D6E200C4E01B /* Build configuration list for PBXNativeTarget "RoomDirectoryUITests" */ = {
			isa = XCConfigurationList;
			buildConfigurations = (
				8499A49E2885D6E200C4E01B /* Debug */,
				8499A49F2885D6E200C4E01B /* Release */,
			);
			defaultConfigurationIsVisible = 0;
			defaultConfigurationName = Release;
		};
/* End XCConfigurationList section */
	};
	rootObject = 8499A4652885D6DF00C4E01B /* Project object */;
}
